
Microsoft Visual Studio Solution File, Format Version 12.00
# Visual Studio Version 17
VisualStudioVersion = 17.13.35825.156 d17.13
MinimumVisualStudioVersion = 10.0.40219.1
Project("{FAE04EC0-301F-11D3-BF4B-00C04F79EFBC}") = "ProductApi", "ProductApi\ProductApi.csproj", "{9FFA8B72-D057-4372-809A-E1A3C3568BAB}"
EndProject
Project("{FAE04EC0-301F-11D3-BF4B-00C04F79EFBC}") = "ProductApi.Test", "ProductApi.Test\ProductApi.Test.csproj", "{CC60792F-BB2F-499C-AEF8-16274BC2A156}"
EndProject
Global
	GlobalSection(SolutionConfigurationPlatforms) = preSolution
		Debug|Any CPU = Debug|Any CPU
		Release|Any CPU = Release|Any CPU
	EndGlobalSection
	GlobalSection(ProjectConfigurationPlatforms) = postSolution
		{9FFA8B72-D057-4372-809A-E1A3C3568BAB}.Debug|Any CPU.ActiveCfg = Debug|Any CPU
		{9FFA8B72-D057-4372-809A-E1A3C3568BAB}.Debug|Any CPU.Build.0 = Debug|Any CPU
		{9FFA8B72-D057-4372-809A-E1A3C3568BAB}.Release|Any CPU.ActiveCfg = Release|Any CPU
		{9FFA8B72-D057-4372-809A-E1A3C3568BAB}.Release|Any CPU.Build.0 = Release|Any CPU
		{CC60792F-BB2F-499C-AEF8-16274BC2A156}.Debug|Any CPU.ActiveCfg = Debug|Any CPU
		{CC60792F-BB2F-499C-AEF8-16274BC2A156}.Debug|Any CPU.Build.0 = Debug|Any CPU
		{CC60792F-BB2F-499C-AEF8-16274BC2A156}.Release|Any CPU.ActiveCfg = Release|Any CPU
		{CC60792F-BB2F-499C-AEF8-16274BC2A156}.Release|Any CPU.Build.0 = Release|Any CPU
	EndGlobalSection
	GlobalSection(SolutionProperties) = preSolution
		HideSolutionNode = FALSE
	EndGlobalSection
	GlobalSection(ExtensibilityGlobals) = postSolution
		SolutionGuid = {52A110DE-9582-4AE3-A3A2-A43230681CFB}
	EndGlobalSection
EndGlobal
